// !$*UTF8*$!
{
	archiveVersion = 1;
	classes = {
	};
	objectVersion = 46;
	objects = {

/* Begin PBXBuildFile section */
		D440D4B81DB05BCD00BD4BB9 /* CreateSequenceViewController.swift in Sources */ = {isa = PBXBuildFile; fileRef = D440D4B71DB05BCD00BD4BB9 /* CreateSequenceViewController.swift */; };
		D440D4F61DB5926700BD4BB9 /* NewUserSettingsViewController.swift in Sources */ = {isa = PBXBuildFile; fileRef = D440D4F51DB5926700BD4BB9 /* NewUserSettingsViewController.swift */; };
		D494B4901DAEE45B000D66E0 /* AppDelegate.swift in Sources */ = {isa = PBXBuildFile; fileRef = D494B48F1DAEE45B000D66E0 /* AppDelegate.swift */; };
		D494B4921DAEE45B000D66E0 /* ViewController.swift in Sources */ = {isa = PBXBuildFile; fileRef = D494B4911DAEE45B000D66E0 /* ViewController.swift */; };
		D494B4951DAEE45B000D66E0 /* Main.storyboard in Resources */ = {isa = PBXBuildFile; fileRef = D494B4931DAEE45B000D66E0 /* Main.storyboard */; };
		D494B4971DAEE45B000D66E0 /* Assets.xcassets in Resources */ = {isa = PBXBuildFile; fileRef = D494B4961DAEE45B000D66E0 /* Assets.xcassets */; };
		D494B49A1DAEE45B000D66E0 /* LaunchScreen.storyboard in Resources */ = {isa = PBXBuildFile; fileRef = D494B4981DAEE45B000D66E0 /* LaunchScreen.storyboard */; };
		D494B4A51DAEE45B000D66E0 /* DropBox_AssignmentTests.swift in Sources */ = {isa = PBXBuildFile; fileRef = D494B4A41DAEE45B000D66E0 /* DropBox_AssignmentTests.swift */; };
		D494B4B01DAEE45B000D66E0 /* DropBox_AssignmentUITests.swift in Sources */ = {isa = PBXBuildFile; fileRef = D494B4AF1DAEE45B000D66E0 /* DropBox_AssignmentUITests.swift */; };
		D494B4BE1DAEFC55000D66E0 /* CreateAccountViewController.swift in Sources */ = {isa = PBXBuildFile; fileRef = D494B4BD1DAEFC55000D66E0 /* CreateAccountViewController.swift */; };
		D494B4C01DAEFC6B000D66E0 /* SignInViewController.swift in Sources */ = {isa = PBXBuildFile; fileRef = D494B4BF1DAEFC6B000D66E0 /* SignInViewController.swift */; };
		D4C0B8D91DB5E1A20092EC77 /* photosViewController.swift in Sources */ = {isa = PBXBuildFile; fileRef = D4C0B8D81DB5E1A20092EC77 /* photosViewController.swift */; };
		D4C8477D1DAF0F4B00870A4F /* TOSViewController.swift in Sources */ = {isa = PBXBuildFile; fileRef = D4C8477C1DAF0F4B00870A4F /* TOSViewController.swift */; };
		D4C8477F1DB03D7500870A4F /* SettingsViewController.swift in Sources */ = {isa = PBXBuildFile; fileRef = D4C8477E1DB03D7500870A4F /* SettingsViewController.swift */; };
		D4CC5B771DB59631002F7CA8 /* SignInActionsViewController.swift in Sources */ = {isa = PBXBuildFile; fileRef = D4CC5B761DB59631002F7CA8 /* SignInActionsViewController.swift */; };
		D4CC5B791DB59738002F7CA8 /* SignInFlowViewController.swift in Sources */ = {isa = PBXBuildFile; fileRef = D4CC5B781DB59738002F7CA8 /* SignInFlowViewController.swift */; };
		D4CC5B811DB5A56E002F7CA8 /* WelcomeFlowViewController.swift in Sources */ = {isa = PBXBuildFile; fileRef = D4CC5B801DB5A56E002F7CA8 /* WelcomeFlowViewController.swift */; };
		D4CC5B831DB5D4EB002F7CA8 /* TOSWebViewController.swift in Sources */ = {isa = PBXBuildFile; fileRef = D4CC5B821DB5D4EB002F7CA8 /* TOSWebViewController.swift */; };
		D4CC5B851DB5D916002F7CA8 /* SignInFlow2ViewController.swift in Sources */ = {isa = PBXBuildFile; fileRef = D4CC5B841DB5D916002F7CA8 /* SignInFlow2ViewController.swift */; };
/* End PBXBuildFile section */

/* Begin PBXContainerItemProxy section */
		D494B4A11DAEE45B000D66E0 /* PBXContainerItemProxy */ = {
			isa = PBXContainerItemProxy;
			containerPortal = D494B4841DAEE45A000D66E0 /* Project object */;
			proxyType = 1;
			remoteGlobalIDString = D494B48B1DAEE45B000D66E0;
			remoteInfo = "DropBox Assignment";
		};
		D494B4AC1DAEE45B000D66E0 /* PBXContainerItemProxy */ = {
			isa = PBXContainerItemProxy;
			containerPortal = D494B4841DAEE45A000D66E0 /* Project object */;
			proxyType = 1;
			remoteGlobalIDString = D494B48B1DAEE45B000D66E0;
			remoteInfo = "DropBox Assignment";
		};
/* End PBXContainerItemProxy section */

/* Begin PBXFileReference section */
		D440D4B71DB05BCD00BD4BB9 /* CreateSequenceViewController.swift */ = {isa = PBXFileReference; fileEncoding = 4; lastKnownFileType = sourcecode.swift; path = CreateSequenceViewController.swift; sourceTree = "<group>"; };
		D440D4F51DB5926700BD4BB9 /* NewUserSettingsViewController.swift */ = {isa = PBXFileReference; fileEncoding = 4; lastKnownFileType = sourcecode.swift; path = NewUserSettingsViewController.swift; sourceTree = "<group>"; };
		D494B48C1DAEE45B000D66E0 /* DropBox Assignment.app */ = {isa = PBXFileReference; explicitFileType = wrapper.application; includeInIndex = 0; path = "DropBox Assignment.app"; sourceTree = BUILT_PRODUCTS_DIR; };
		D494B48F1DAEE45B000D66E0 /* AppDelegate.swift */ = {isa = PBXFileReference; lastKnownFileType = sourcecode.swift; path = AppDelegate.swift; sourceTree = "<group>"; };
		D494B4911DAEE45B000D66E0 /* ViewController.swift */ = {isa = PBXFileReference; lastKnownFileType = sourcecode.swift; path = ViewController.swift; sourceTree = "<group>"; };
		D494B4941DAEE45B000D66E0 /* Base */ = {isa = PBXFileReference; lastKnownFileType = file.storyboard; name = Base; path = Base.lproj/Main.storyboard; sourceTree = "<group>"; };
		D494B4961DAEE45B000D66E0 /* Assets.xcassets */ = {isa = PBXFileReference; lastKnownFileType = folder.assetcatalog; path = Assets.xcassets; sourceTree = "<group>"; };
		D494B4991DAEE45B000D66E0 /* Base */ = {isa = PBXFileReference; lastKnownFileType = file.storyboard; name = Base; path = Base.lproj/LaunchScreen.storyboard; sourceTree = "<group>"; };
		D494B49B1DAEE45B000D66E0 /* Info.plist */ = {isa = PBXFileReference; lastKnownFileType = text.plist.xml; path = Info.plist; sourceTree = "<group>"; };
		D494B4A01DAEE45B000D66E0 /* DropBox AssignmentTests.xctest */ = {isa = PBXFileReference; explicitFileType = wrapper.cfbundle; includeInIndex = 0; path = "DropBox AssignmentTests.xctest"; sourceTree = BUILT_PRODUCTS_DIR; };
		D494B4A41DAEE45B000D66E0 /* DropBox_AssignmentTests.swift */ = {isa = PBXFileReference; lastKnownFileType = sourcecode.swift; path = DropBox_AssignmentTests.swift; sourceTree = "<group>"; };
		D494B4A61DAEE45B000D66E0 /* Info.plist */ = {isa = PBXFileReference; lastKnownFileType = text.plist.xml; path = Info.plist; sourceTree = "<group>"; };
		D494B4AB1DAEE45B000D66E0 /* DropBox AssignmentUITests.xctest */ = {isa = PBXFileReference; explicitFileType = wrapper.cfbundle; includeInIndex = 0; path = "DropBox AssignmentUITests.xctest"; sourceTree = BUILT_PRODUCTS_DIR; };
		D494B4AF1DAEE45B000D66E0 /* DropBox_AssignmentUITests.swift */ = {isa = PBXFileReference; lastKnownFileType = sourcecode.swift; path = DropBox_AssignmentUITests.swift; sourceTree = "<group>"; };
		D494B4B11DAEE45B000D66E0 /* Info.plist */ = {isa = PBXFileReference; lastKnownFileType = text.plist.xml; path = Info.plist; sourceTree = "<group>"; };
		D494B4BD1DAEFC55000D66E0 /* CreateAccountViewController.swift */ = {isa = PBXFileReference; fileEncoding = 4; lastKnownFileType = sourcecode.swift; path = CreateAccountViewController.swift; sourceTree = "<group>"; };
		D494B4BF1DAEFC6B000D66E0 /* SignInViewController.swift */ = {isa = PBXFileReference; fileEncoding = 4; lastKnownFileType = sourcecode.swift; path = SignInViewController.swift; sourceTree = "<group>"; };
		D4C0B8D81DB5E1A20092EC77 /* photosViewController.swift */ = {isa = PBXFileReference; fileEncoding = 4; lastKnownFileType = sourcecode.swift; path = photosViewController.swift; sourceTree = "<group>"; };
		D4C8477C1DAF0F4B00870A4F /* TOSViewController.swift */ = {isa = PBXFileReference; fileEncoding = 4; lastKnownFileType = sourcecode.swift; path = TOSViewController.swift; sourceTree = "<group>"; };
		D4C8477E1DB03D7500870A4F /* SettingsViewController.swift */ = {isa = PBXFileReference; fileEncoding = 4; lastKnownFileType = sourcecode.swift; path = SettingsViewController.swift; sourceTree = "<group>"; };
		D4CC5B761DB59631002F7CA8 /* SignInActionsViewController.swift */ = {isa = PBXFileReference; fileEncoding = 4; lastKnownFileType = sourcecode.swift; path = SignInActionsViewController.swift; sourceTree = "<group>"; };
		D4CC5B781DB59738002F7CA8 /* SignInFlowViewController.swift */ = {isa = PBXFileReference; fileEncoding = 4; lastKnownFileType = sourcecode.swift; path = SignInFlowViewController.swift; sourceTree = "<group>"; };
		D4CC5B801DB5A56E002F7CA8 /* WelcomeFlowViewController.swift */ = {isa = PBXFileReference; fileEncoding = 4; lastKnownFileType = sourcecode.swift; path = WelcomeFlowViewController.swift; sourceTree = "<group>"; };
		D4CC5B821DB5D4EB002F7CA8 /* TOSWebViewController.swift */ = {isa = PBXFileReference; fileEncoding = 4; lastKnownFileType = sourcecode.swift; path = TOSWebViewController.swift; sourceTree = "<group>"; };
		D4CC5B841DB5D916002F7CA8 /* SignInFlow2ViewController.swift */ = {isa = PBXFileReference; fileEncoding = 4; lastKnownFileType = sourcecode.swift; path = SignInFlow2ViewController.swift; sourceTree = "<group>"; };
/* End PBXFileReference section */

/* Begin PBXFrameworksBuildPhase section */
		D494B4891DAEE45B000D66E0 /* Frameworks */ = {
			isa = PBXFrameworksBuildPhase;
			buildActionMask = 2147483647;
			files = (
			);
			runOnlyForDeploymentPostprocessing = 0;
		};
		D494B49D1DAEE45B000D66E0 /* Frameworks */ = {
			isa = PBXFrameworksBuildPhase;
			buildActionMask = 2147483647;
			files = (
			);
			runOnlyForDeploymentPostprocessing = 0;
		};
		D494B4A81DAEE45B000D66E0 /* Frameworks */ = {
			isa = PBXFrameworksBuildPhase;
			buildActionMask = 2147483647;
			files = (
			);
			runOnlyForDeploymentPostprocessing = 0;
		};
/* End PBXFrameworksBuildPhase section */

/* Begin PBXGroup section */
		D494B4831DAEE45A000D66E0 = {
			isa = PBXGroup;
			children = (
				D494B48E1DAEE45B000D66E0 /* DropBox Assignment */,
				D494B4A31DAEE45B000D66E0 /* DropBox AssignmentTests */,
				D494B4AE1DAEE45B000D66E0 /* DropBox AssignmentUITests */,
				D494B48D1DAEE45B000D66E0 /* Products */,
			);
			sourceTree = "<group>";
		};
		D494B48D1DAEE45B000D66E0 /* Products */ = {
			isa = PBXGroup;
			children = (
				D494B48C1DAEE45B000D66E0 /* DropBox Assignment.app */,
				D494B4A01DAEE45B000D66E0 /* DropBox AssignmentTests.xctest */,
				D494B4AB1DAEE45B000D66E0 /* DropBox AssignmentUITests.xctest */,
			);
			name = Products;
			sourceTree = "<group>";
		};
		D494B48E1DAEE45B000D66E0 /* DropBox Assignment */ = {
			isa = PBXGroup;
			children = (
				D4CC5B801DB5A56E002F7CA8 /* WelcomeFlowViewController.swift */,
				D4CC5B761DB59631002F7CA8 /* SignInActionsViewController.swift */,
				D4C0B8D81DB5E1A20092EC77 /* photosViewController.swift */,
				D494B48F1DAEE45B000D66E0 /* AppDelegate.swift */,
				D494B4911DAEE45B000D66E0 /* ViewController.swift */,
				D494B4931DAEE45B000D66E0 /* Main.storyboard */,
				D4CC5B841DB5D916002F7CA8 /* SignInFlow2ViewController.swift */,
				D4CC5B821DB5D4EB002F7CA8 /* TOSWebViewController.swift */,
				D4CC5B781DB59738002F7CA8 /* SignInFlowViewController.swift */,
				D440D4F51DB5926700BD4BB9 /* NewUserSettingsViewController.swift */,
				D440D4B71DB05BCD00BD4BB9 /* CreateSequenceViewController.swift */,
				D4C8477E1DB03D7500870A4F /* SettingsViewController.swift */,
				D4C8477C1DAF0F4B00870A4F /* TOSViewController.swift */,
				D494B4BD1DAEFC55000D66E0 /* CreateAccountViewController.swift */,
				D494B4BF1DAEFC6B000D66E0 /* SignInViewController.swift */,
				D494B4961DAEE45B000D66E0 /* Assets.xcassets */,
				D494B4981DAEE45B000D66E0 /* LaunchScreen.storyboard */,
				D494B49B1DAEE45B000D66E0 /* Info.plist */,
			);
			path = "DropBox Assignment";
			sourceTree = "<group>";
		};
		D494B4A31DAEE45B000D66E0 /* DropBox AssignmentTests */ = {
			isa = PBXGroup;
			children = (
				D494B4A41DAEE45B000D66E0 /* DropBox_AssignmentTests.swift */,
				D494B4A61DAEE45B000D66E0 /* Info.plist */,
			);
			path = "DropBox AssignmentTests";
			sourceTree = "<group>";
		};
		D494B4AE1DAEE45B000D66E0 /* DropBox AssignmentUITests */ = {
			isa = PBXGroup;
			children = (
				D494B4AF1DAEE45B000D66E0 /* DropBox_AssignmentUITests.swift */,
				D494B4B11DAEE45B000D66E0 /* Info.plist */,
			);
			path = "DropBox AssignmentUITests";
			sourceTree = "<group>";
		};
/* End PBXGroup section */

/* Begin PBXNativeTarget section */
		D494B48B1DAEE45B000D66E0 /* DropBox Assignment */ = {
			isa = PBXNativeTarget;
			buildConfigurationList = D494B4B41DAEE45B000D66E0 /* Build configuration list for PBXNativeTarget "DropBox Assignment" */;
			buildPhases = (
				D494B4881DAEE45B000D66E0 /* Sources */,
				D494B4891DAEE45B000D66E0 /* Frameworks */,
				D494B48A1DAEE45B000D66E0 /* Resources */,
			);
			buildRules = (
			);
			dependencies = (
			);
			name = "DropBox Assignment";
			productName = "DropBox Assignment";
			productReference = D494B48C1DAEE45B000D66E0 /* DropBox Assignment.app */;
			productType = "com.apple.product-type.application";
		};
		D494B49F1DAEE45B000D66E0 /* DropBox AssignmentTests */ = {
			isa = PBXNativeTarget;
			buildConfigurationList = D494B4B71DAEE45B000D66E0 /* Build configuration list for PBXNativeTarget "DropBox AssignmentTests" */;
			buildPhases = (
				D494B49C1DAEE45B000D66E0 /* Sources */,
				D494B49D1DAEE45B000D66E0 /* Frameworks */,
				D494B49E1DAEE45B000D66E0 /* Resources */,
			);
			buildRules = (
			);
			dependencies = (
				D494B4A21DAEE45B000D66E0 /* PBXTargetDependency */,
			);
			name = "DropBox AssignmentTests";
			productName = "DropBox AssignmentTests";
			productReference = D494B4A01DAEE45B000D66E0 /* DropBox AssignmentTests.xctest */;
			productType = "com.apple.product-type.bundle.unit-test";
		};
		D494B4AA1DAEE45B000D66E0 /* DropBox AssignmentUITests */ = {
			isa = PBXNativeTarget;
			buildConfigurationList = D494B4BA1DAEE45B000D66E0 /* Build configuration list for PBXNativeTarget "DropBox AssignmentUITests" */;
			buildPhases = (
				D494B4A71DAEE45B000D66E0 /* Sources */,
				D494B4A81DAEE45B000D66E0 /* Frameworks */,
				D494B4A91DAEE45B000D66E0 /* Resources */,
			);
			buildRules = (
			);
			dependencies = (
				D494B4AD1DAEE45B000D66E0 /* PBXTargetDependency */,
			);
			name = "DropBox AssignmentUITests";
			productName = "DropBox AssignmentUITests";
			productReference = D494B4AB1DAEE45B000D66E0 /* DropBox AssignmentUITests.xctest */;
			productType = "com.apple.product-type.bundle.ui-testing";
		};
/* End PBXNativeTarget section */

/* Begin PBXProject section */
		D494B4841DAEE45A000D66E0 /* Project object */ = {
			isa = PBXProject;
			attributes = {
				LastSwiftUpdateCheck = 0800;
				LastUpgradeCheck = 0800;
				ORGANIZATIONNAME = "Stephan Charbit";
				TargetAttributes = {
					D494B48B1DAEE45B000D66E0 = {
						CreatedOnToolsVersion = 8.0;
						ProvisioningStyle = Automatic;
					};
					D494B49F1DAEE45B000D66E0 = {
						CreatedOnToolsVersion = 8.0;
						ProvisioningStyle = Automatic;
						TestTargetID = D494B48B1DAEE45B000D66E0;
					};
					D494B4AA1DAEE45B000D66E0 = {
						CreatedOnToolsVersion = 8.0;
						ProvisioningStyle = Automatic;
						TestTargetID = D494B48B1DAEE45B000D66E0;
					};
				};
			};
			buildConfigurationList = D494B4871DAEE45A000D66E0 /* Build configuration list for PBXProject "DropBox Assignment" */;
			compatibilityVersion = "Xcode 3.2";
			developmentRegion = English;
			hasScannedForEncodings = 0;
			knownRegions = (
				en,
				Base,
			);
			mainGroup = D494B4831DAEE45A000D66E0;
			productRefGroup = D494B48D1DAEE45B000D66E0 /* Products */;
			projectDirPath = "";
			projectRoot = "";
			targets = (
				D494B48B1DAEE45B000D66E0 /* DropBox Assignment */,
				D494B49F1DAEE45B000D66E0 /* DropBox AssignmentTests */,
				D494B4AA1DAEE45B000D66E0 /* DropBox AssignmentUITests */,
			);
		};
/* End PBXProject section */

/* Begin PBXResourcesBuildPhase section */
		D494B48A1DAEE45B000D66E0 /* Resources */ = {
			isa = PBXResourcesBuildPhase;
			buildActionMask = 2147483647;
			files = (
				D494B49A1DAEE45B000D66E0 /* LaunchScreen.storyboard in Resources */,
				D494B4971DAEE45B000D66E0 /* Assets.xcassets in Resources */,
				D494B4951DAEE45B000D66E0 /* Main.storyboard in Resources */,
			);
			runOnlyForDeploymentPostprocessing = 0;
		};
		D494B49E1DAEE45B000D66E0 /* Resources */ = {
			isa = PBXResourcesBuildPhase;
			buildActionMask = 2147483647;
			files = (
			);
			runOnlyForDeploymentPostprocessing = 0;
		};
		D494B4A91DAEE45B000D66E0 /* Resources */ = {
			isa = PBXResourcesBuildPhase;
			buildActionMask = 2147483647;
			files = (
			);
			runOnlyForDeploymentPostprocessing = 0;
		};
/* End PBXResourcesBuildPhase section */

/* Begin PBXSourcesBuildPhase section */
		D494B4881DAEE45B000D66E0 /* Sources */ = {
			isa = PBXSourcesBuildPhase;
			buildActionMask = 2147483647;
			files = (
				D494B4C01DAEFC6B000D66E0 /* SignInViewController.swift in Sources */,
				D4CC5B811DB5A56E002F7CA8 /* WelcomeFlowViewController.swift in Sources */,
				D4CC5B791DB59738002F7CA8 /* SignInFlowViewController.swift in Sources */,
				D4C0B8D91DB5E1A20092EC77 /* photosViewController.swift in Sources */,
				D4CC5B831DB5D4EB002F7CA8 /* TOSWebViewController.swift in Sources */,
				D440D4F61DB5926700BD4BB9 /* NewUserSettingsViewController.swift in Sources */,
				D4C8477D1DAF0F4B00870A4F /* TOSViewController.swift in Sources */,
				D494B4BE1DAEFC55000D66E0 /* CreateAccountViewController.swift in Sources */,
				D494B4921DAEE45B000D66E0 /* ViewController.swift in Sources */,
				D440D4B81DB05BCD00BD4BB9 /* CreateSequenceViewController.swift in Sources */,
				D494B4901DAEE45B000D66E0 /* AppDelegate.swift in Sources */,
				D4CC5B771DB59631002F7CA8 /* SignInActionsViewController.swift in Sources */,
				D4C8477F1DB03D7500870A4F /* SettingsViewController.swift in Sources */,
				D4CC5B851DB5D916002F7CA8 /* SignInFlow2ViewController.swift in Sources */,
			);
			runOnlyForDeploymentPostprocessing = 0;
		};
		D494B49C1DAEE45B000D66E0 /* Sources */ = {
			isa = PBXSourcesBuildPhase;
			buildActionMask = 2147483647;
			files = (
				D494B4A51DAEE45B000D66E0 /* DropBox_AssignmentTests.swift in Sources */,
			);
			runOnlyForDeploymentPostprocessing = 0;
		};
		D494B4A71DAEE45B000D66E0 /* Sources */ = {
			isa = PBXSourcesBuildPhase;
			buildActionMask = 2147483647;
			files = (
				D494B4B01DAEE45B000D66E0 /* DropBox_AssignmentUITests.swift in Sources */,
			);
			runOnlyForDeploymentPostprocessing = 0;
		};
/* End PBXSourcesBuildPhase section */

/* Begin PBXTargetDependency section */
		D494B4A21DAEE45B000D66E0 /* PBXTargetDependency */ = {
			isa = PBXTargetDependency;
			target = D494B48B1DAEE45B000D66E0 /* DropBox Assignment */;
			targetProxy = D494B4A11DAEE45B000D66E0 /* PBXContainerItemProxy */;
		};
		D494B4AD1DAEE45B000D66E0 /* PBXTargetDependency */ = {
			isa = PBXTargetDependency;
			target = D494B48B1DAEE45B000D66E0 /* DropBox Assignment */;
			targetProxy = D494B4AC1DAEE45B000D66E0 /* PBXContainerItemProxy */;
		};
/* End PBXTargetDependency section */

/* Begin PBXVariantGroup section */
		D494B4931DAEE45B000D66E0 /* Main.storyboard */ = {
			isa = PBXVariantGroup;
			children = (
				D494B4941DAEE45B000D66E0 /* Base */,
			);
			name = Main.storyboard;
			sourceTree = "<group>";
		};
		D494B4981DAEE45B000D66E0 /* LaunchScreen.storyboard */ = {
			isa = PBXVariantGroup;
			children = (
				D494B4991DAEE45B000D66E0 /* Base */,
			);
			name = LaunchScreen.storyboard;
			sourceTree = "<group>";
		};
/* End PBXVariantGroup section */

/* Begin XCBuildConfiguration section */
		D494B4B21DAEE45B000D66E0 /* Debug */ = {
			isa = XCBuildConfiguration;
			buildSettings = {
				ALWAYS_SEARCH_USER_PATHS = NO;
				CLANG_ANALYZER_NONNULL = YES;
				CLANG_CXX_LANGUAGE_STANDARD = "gnu++0x";
				CLANG_CXX_LIBRARY = "libc++";
				CLANG_ENABLE_MODULES = YES;
				CLANG_ENABLE_OBJC_ARC = YES;
				CLANG_WARN_BOOL_CONVERSION = YES;
				CLANG_WARN_CONSTANT_CONVERSION = YES;
				CLANG_WARN_DIRECT_OBJC_ISA_USAGE = YES_ERROR;
				CLANG_WARN_DOCUMENTATION_COMMENTS = YES;
				CLANG_WARN_EMPTY_BODY = YES;
				CLANG_WARN_ENUM_CONVERSION = YES;
				CLANG_WARN_INFINITE_RECURSION = YES;
				CLANG_WARN_INT_CONVERSION = YES;
				CLANG_WARN_OBJC_ROOT_CLASS = YES_ERROR;
				CLANG_WARN_SUSPICIOUS_MOVES = YES;
				CLANG_WARN_UNREACHABLE_CODE = YES;
				CLANG_WARN__DUPLICATE_METHOD_MATCH = YES;
				"CODE_SIGN_IDENTITY[sdk=iphoneos*]" = "iPhone Developer";
				COPY_PHASE_STRIP = NO;
				DEBUG_INFORMATION_FORMAT = dwarf;
				ENABLE_STRICT_OBJC_MSGSEND = YES;
				ENABLE_TESTABILITY = YES;
				GCC_C_LANGUAGE_STANDARD = gnu99;
				GCC_DYNAMIC_NO_PIC = NO;
				GCC_NO_COMMON_BLOCKS = YES;
				GCC_OPTIMIZATION_LEVEL = 0;
				GCC_PREPROCESSOR_DEFINITIONS = (
					"DEBUG=1",
					"$(inherited)",
				);
				GCC_WARN_64_TO_32_BIT_CONVERSION = YES;
				GCC_WARN_ABOUT_RETURN_TYPE = YES_ERROR;
				GCC_WARN_UNDECLARED_SELECTOR = YES;
				GCC_WARN_UNINITIALIZED_AUTOS = YES_AGGRESSIVE;
				GCC_WARN_UNUSED_FUNCTION = YES;
				GCC_WARN_UNUSED_VARIABLE = YES;
				IPHONEOS_DEPLOYMENT_TARGET = 10.0;
				MTL_ENABLE_DEBUG_INFO = YES;
				ONLY_ACTIVE_ARCH = YES;
				SDKROOT = iphoneos;
				SWIFT_ACTIVE_COMPILATION_CONDITIONS = DEBUG;
				SWIFT_OPTIMIZATION_LEVEL = "-Onone";
				TARGETED_DEVICE_FAMILY = "1,2";
			};
			name = Debug;
		};
		D494B4B31DAEE45B000D66E0 /* Release */ = {
			isa = XCBuildConfiguration;
			buildSettings = {
				ALWAYS_SEARCH_USER_PATHS = NO;
				CLANG_ANALYZER_NONNULL = YES;
				CLANG_CXX_LANGUAGE_STANDARD = "gnu++0x";
				CLANG_CXX_LIBRARY = "libc++";
				CLANG_ENABLE_MODULES = YES;
				CLANG_ENABLE_OBJC_ARC = YES;
				CLANG_WARN_BOOL_CONVERSION = YES;
				CLANG_WARN_CONSTANT_CONVERSION = YES;
				CLANG_WARN_DIRECT_OBJC_ISA_USAGE = YES_ERROR;
				CLANG_WARN_DOCUMENTATION_COMMENTS = YES;
				CLANG_WARN_EMPTY_BODY = YES;
				CLANG_WARN_ENUM_CONVERSION = YES;
				CLANG_WARN_INFINITE_RECURSION = YES;
				CLANG_WARN_INT_CONVERSION = YES;
				CLANG_WARN_OBJC_ROOT_CLASS = YES_ERROR;
				CLANG_WARN_SUSPICIOUS_MOVES = YES;
				CLANG_WARN_UNREACHABLE_CODE = YES;
				CLANG_WARN__DUPLICATE_METHOD_MATCH = YES;
				"CODE_SIGN_IDENTITY[sdk=iphoneos*]" = "iPhone Developer";
				COPY_PHASE_STRIP = NO;
				DEBUG_INFORMATION_FORMAT = "dwarf-with-dsym";
				ENABLE_NS_ASSERTIONS = NO;
				ENABLE_STRICT_OBJC_MSGSEND = YES;
				GCC_C_LANGUAGE_STANDARD = gnu99;
				GCC_NO_COMMON_BLOCKS = YES;
				GCC_WARN_64_TO_32_BIT_CONVERSION = YES;
				GCC_WARN_ABOUT_RETURN_TYPE = YES_ERROR;
				GCC_WARN_UNDECLARED_SELECTOR = YES;
				GCC_WARN_UNINITIALIZED_AUTOS = YES_AGGRESSIVE;
				GCC_WARN_UNUSED_FUNCTION = YES;
				GCC_WARN_UNUSED_VARIABLE = YES;
				IPHONEOS_DEPLOYMENT_TARGET = 10.0;
				MTL_ENABLE_DEBUG_INFO = NO;
				SDKROOT = iphoneos;
				SWIFT_OPTIMIZATION_LEVEL = "-Owholemodule";
				TARGETED_DEVICE_FAMILY = "1,2";
				VALIDATE_PRODUCT = YES;
			};
			name = Release;
		};
		D494B4B51DAEE45B000D66E0 /* Debug */ = {
			isa = XCBuildConfiguration;
			buildSettings = {
				ASSETCATALOG_COMPILER_APPICON_NAME = AppIcon;
				INFOPLIST_FILE = "DropBox Assignment/Info.plist";
				LD_RUNPATH_SEARCH_PATHS = "$(inherited) @executable_path/Frameworks";
				PRODUCT_BUNDLE_IDENTIFIER = "Proteus.DropBox-Assignment";
				PRODUCT_NAME = "$(TARGET_NAME)";
				SWIFT_VERSION = 3.0;
			};
			name = Debug;
		};
		D494B4B61DAEE45B000D66E0 /* Release */ = {
			isa = XCBuildConfiguration;
			buildSettings = {
				ASSETCATALOG_COMPILER_APPICON_NAME = AppIcon;
				INFOPLIST_FILE = "DropBox Assignment/Info.plist";
				LD_RUNPATH_SEARCH_PATHS = "$(inherited) @executable_path/Frameworks";
				PRODUCT_BUNDLE_IDENTIFIER = "Proteus.DropBox-Assignment";
				PRODUCT_NAME = "$(TARGET_NAME)";
				SWIFT_VERSION = 3.0;
			};
			name = Release;
		};
		D494B4B81DAEE45B000D66E0 /* Debug */ = {
			isa = XCBuildConfiguration;
			buildSettings = {
				ALWAYS_EMBED_SWIFT_STANDARD_LIBRARIES = YES;
				BUNDLE_LOADER = "$(TEST_HOST)";
				INFOPLIST_FILE = "DropBox AssignmentTests/Info.plist";
				LD_RUNPATH_SEARCH_PATHS = "$(inherited) @executable_path/Frameworks @loader_path/Frameworks";
				PRODUCT_BUNDLE_IDENTIFIER = "Proteus.DropBox-AssignmentTests";
				PRODUCT_NAME = "$(TARGET_NAME)";
				SWIFT_VERSION = 3.0;
				TEST_HOST = "$(BUILT_PRODUCTS_DIR)/DropBox Assignment.app/DropBox Assignment";
			};
			name = Debug;
		};
		D494B4B91DAEE45B000D66E0 /* Release */ = {
			isa = XCBuildConfiguration;
			buildSettings = {
				ALWAYS_EMBED_SWIFT_STANDARD_LIBRARIES = YES;
				BUNDLE_LOADER = "$(TEST_HOST)";
				INFOPLIST_FILE = "DropBox AssignmentTests/Info.plist";
				LD_RUNPATH_SEARCH_PATHS = "$(inherited) @executable_path/Frameworks @loader_path/Frameworks";
				PRODUCT_BUNDLE_IDENTIFIER = "Proteus.DropBox-AssignmentTests";
				PRODUCT_NAME = "$(TARGET_NAME)";
				SWIFT_VERSION = 3.0;
				TEST_HOST = "$(BUILT_PRODUCTS_DIR)/DropBox Assignment.app/DropBox Assignment";
			};
			name = Release;
		};
		D494B4BB1DAEE45B000D66E0 /* Debug */ = {
			isa = XCBuildConfiguration;
			buildSettings = {
				ALWAYS_EMBED_SWIFT_STANDARD_LIBRARIES = YES;
				INFOPLIST_FILE = "DropBox AssignmentUITests/Info.plist";
				LD_RUNPATH_SEARCH_PATHS = "$(inherited) @executable_path/Frameworks @loader_path/Frameworks";
				PRODUCT_BUNDLE_IDENTIFIER = "Proteus.DropBox-AssignmentUITests";
				PRODUCT_NAME = "$(TARGET_NAME)";
				SWIFT_VERSION = 3.0;
				TEST_TARGET_NAME = "DropBox Assignment";
			};
			name = Debug;
		};
		D494B4BC1DAEE45B000D66E0 /* Release */ = {
			isa = XCBuildConfiguration;
			buildSettings = {
				ALWAYS_EMBED_SWIFT_STANDARD_LIBRARIES = YES;
				INFOPLIST_FILE = "DropBox AssignmentUITests/Info.plist";
				LD_RUNPATH_SEARCH_PATHS = "$(inherited) @executable_path/Frameworks @loader_path/Frameworks";
				PRODUCT_BUNDLE_IDENTIFIER = "Proteus.DropBox-AssignmentUITests";
				PRODUCT_NAME = "$(TARGET_NAME)";
				SWIFT_VERSION = 3.0;
				TEST_TARGET_NAME = "DropBox Assignment";
			};
			name = Release;
		};
/* End XCBuildConfiguration section */

/* Begin XCConfigurationList section */
		D494B4871DAEE45A000D66E0 /* Build configuration list for PBXProject "DropBox Assignment" */ = {
			isa = XCConfigurationList;
			buildConfigurations = (
				D494B4B21DAEE45B000D66E0 /* Debug */,
				D494B4B31DAEE45B000D66E0 /* Release */,
			);
			defaultConfigurationIsVisible = 0;
			defaultConfigurationName = Release;
		};
		D494B4B41DAEE45B000D66E0 /* Build configuration list for PBXNativeTarget "DropBox Assignment" */ = {
			isa = XCConfigurationList;
			buildConfigurations = (
				D494B4B51DAEE45B000D66E0 /* Debug */,
				D494B4B61DAEE45B000D66E0 /* Release */,
			);
			defaultConfigurationIsVisible = 0;
			defaultConfigurationName = Release;
		};
		D494B4B71DAEE45B000D66E0 /* Build configuration list for PBXNativeTarget "DropBox AssignmentTests" */ = {
			isa = XCConfigurationList;
			buildConfigurations = (
				D494B4B81DAEE45B000D66E0 /* Debug */,
				D494B4B91DAEE45B000D66E0 /* Release */,
			);
			defaultConfigurationIsVisible = 0;
			defaultConfigurationName = Release;
		};
		D494B4BA1DAEE45B000D66E0 /* Build configuration list for PBXNativeTarget "DropBox AssignmentUITests" */ = {
			isa = XCConfigurationList;
			buildConfigurations = (
				D494B4BB1DAEE45B000D66E0 /* Debug */,
				D494B4BC1DAEE45B000D66E0 /* Release */,
			);
			defaultConfigurationIsVisible = 0;
			defaultConfigurationName = Release;
		};
/* End XCConfigurationList section */
	};
	rootObject = D494B4841DAEE45A000D66E0 /* Project object */;
}
